// !$*UTF8*$!
{
	archiveVersion = 1;
	classes = {
	};
	objectVersion = 50;
	objects = {

/* Begin PBXBuildFile section */
		4FD7836422E5961C00AA5C69 /* AppDelegate.swift in Sources */ = {isa = PBXBuildFile; fileRef = 4FD7836322E5961C00AA5C69 /* AppDelegate.swift */; };
		4FD7836622E5961C00AA5C69 /* ViewController.swift in Sources */ = {isa = PBXBuildFile; fileRef = 4FD7836522E5961C00AA5C69 /* ViewController.swift */; };
		4FD7836922E5961C00AA5C69 /* Main.storyboard in Resources */ = {isa = PBXBuildFile; fileRef = 4FD7836722E5961C00AA5C69 /* Main.storyboard */; };
		4FD7836B22E5961F00AA5C69 /* Assets.xcassets in Resources */ = {isa = PBXBuildFile; fileRef = 4FD7836A22E5961F00AA5C69 /* Assets.xcassets */; };
		4FD7836E22E5961F00AA5C69 /* LaunchScreen.storyboard in Resources */ = {isa = PBXBuildFile; fileRef = 4FD7836C22E5961F00AA5C69 /* LaunchScreen.storyboard */; };
		4FD7837922E5961F00AA5C69 /* IOS_UISwitchTests.swift in Sources */ = {isa = PBXBuildFile; fileRef = 4FD7837822E5961F00AA5C69 /* IOS_UISwitchTests.swift */; };
		4FD7838422E5961F00AA5C69 /* IOS_UISwitchUITests.swift in Sources */ = {isa = PBXBuildFile; fileRef = 4FD7838322E5961F00AA5C69 /* IOS_UISwitchUITests.swift */; };
/* End PBXBuildFile section */

/* Begin PBXContainerItemProxy section */
		4FD7837522E5961F00AA5C69 /* PBXContainerItemProxy */ = {
			isa = PBXContainerItemProxy;
			containerPortal = 4FD7835822E5961C00AA5C69 /* Project object */;
			proxyType = 1;
			remoteGlobalIDString = 4FD7835F22E5961C00AA5C69;
			remoteInfo = "IOS-UISwitch";
		};
		4FD7838022E5961F00AA5C69 /* PBXContainerItemProxy */ = {
			isa = PBXContainerItemProxy;
			containerPortal = 4FD7835822E5961C00AA5C69 /* Project object */;
			proxyType = 1;
			remoteGlobalIDString = 4FD7835F22E5961C00AA5C69;
			remoteInfo = "IOS-UISwitch";
		};
/* End PBXContainerItemProxy section */

/* Begin PBXFileReference section */
		4FD7836022E5961C00AA5C69 /* IOS-UISwitch.app */ = {isa = PBXFileReference; explicitFileType = wrapper.application; includeInIndex = 0; path = "IOS-UISwitch.app"; sourceTree = BUILT_PRODUCTS_DIR; };
		4FD7836322E5961C00AA5C69 /* AppDelegate.swift */ = {isa = PBXFileReference; lastKnownFileType = sourcecode.swift; path = AppDelegate.swift; sourceTree = "<group>"; };
		4FD7836522E5961C00AA5C69 /* ViewController.swift */ = {isa = PBXFileReference; lastKnownFileType = sourcecode.swift; path = ViewController.swift; sourceTree = "<group>"; };
		4FD7836822E5961C00AA5C69 /* Base */ = {isa = PBXFileReference; lastKnownFileType = file.storyboard; name = Base; path = Base.lproj/Main.storyboard; sourceTree = "<group>"; };
		4FD7836A22E5961F00AA5C69 /* Assets.xcassets */ = {isa = PBXFileReference; lastKnownFileType = folder.assetcatalog; path = Assets.xcassets; sourceTree = "<group>"; };
		4FD7836D22E5961F00AA5C69 /* Base */ = {isa = PBXFileReference; lastKnownFileType = file.storyboard; name = Base; path = Base.lproj/LaunchScreen.storyboard; sourceTree = "<group>"; };
		4FD7836F22E5961F00AA5C69 /* Info.plist */ = {isa = PBXFileReference; lastKnownFileType = text.plist.xml; path = Info.plist; sourceTree = "<group>"; };
		4FD7837422E5961F00AA5C69 /* IOS-UISwitchTests.xctest */ = {isa = PBXFileReference; explicitFileType = wrapper.cfbundle; includeInIndex = 0; path = "IOS-UISwitchTests.xctest"; sourceTree = BUILT_PRODUCTS_DIR; };
		4FD7837822E5961F00AA5C69 /* IOS_UISwitchTests.swift */ = {isa = PBXFileReference; lastKnownFileType = sourcecode.swift; path = IOS_UISwitchTests.swift; sourceTree = "<group>"; };
		4FD7837A22E5961F00AA5C69 /* Info.plist */ = {isa = PBXFileReference; lastKnownFileType = text.plist.xml; path = Info.plist; sourceTree = "<group>"; };
		4FD7837F22E5961F00AA5C69 /* IOS-UISwitchUITests.xctest */ = {isa = PBXFileReference; explicitFileType = wrapper.cfbundle; includeInIndex = 0; path = "IOS-UISwitchUITests.xctest"; sourceTree = BUILT_PRODUCTS_DIR; };
		4FD7838322E5961F00AA5C69 /* IOS_UISwitchUITests.swift */ = {isa = PBXFileReference; lastKnownFileType = sourcecode.swift; path = IOS_UISwitchUITests.swift; sourceTree = "<group>"; };
		4FD7838522E5961F00AA5C69 /* Info.plist */ = {isa = PBXFileReference; lastKnownFileType = text.plist.xml; path = Info.plist; sourceTree = "<group>"; };
/* End PBXFileReference section */

/* Begin PBXFrameworksBuildPhase section */
		4FD7835D22E5961C00AA5C69 /* Frameworks */ = {
			isa = PBXFrameworksBuildPhase;
			buildActionMask = 2147483647;
			files = (
			);
			runOnlyForDeploymentPostprocessing = 0;
		};
		4FD7837122E5961F00AA5C69 /* Frameworks */ = {
			isa = PBXFrameworksBuildPhase;
			buildActionMask = 2147483647;
			files = (
			);
			runOnlyForDeploymentPostprocessing = 0;
		};
		4FD7837C22E5961F00AA5C69 /* Frameworks */ = {
			isa = PBXFrameworksBuildPhase;
			buildActionMask = 2147483647;
			files = (
			);
			runOnlyForDeploymentPostprocessing = 0;
		};
/* End PBXFrameworksBuildPhase section */

/* Begin PBXGroup section */
		4FD7835722E5961C00AA5C69 = {
			isa = PBXGroup;
			children = (
				4FD7836222E5961C00AA5C69 /* IOS-UISwitch */,
				4FD7837722E5961F00AA5C69 /* IOS-UISwitchTests */,
				4FD7838222E5961F00AA5C69 /* IOS-UISwitchUITests */,
				4FD7836122E5961C00AA5C69 /* Products */,
			);
			sourceTree = "<group>";
		};
		4FD7836122E5961C00AA5C69 /* Products */ = {
			isa = PBXGroup;
			children = (
				4FD7836022E5961C00AA5C69 /* IOS-UISwitch.app */,
				4FD7837422E5961F00AA5C69 /* IOS-UISwitchTests.xctest */,
				4FD7837F22E5961F00AA5C69 /* IOS-UISwitchUITests.xctest */,
			);
			name = Products;
			sourceTree = "<group>";
		};
		4FD7836222E5961C00AA5C69 /* IOS-UISwitch */ = {
			isa = PBXGroup;
			children = (
				4FD7836322E5961C00AA5C69 /* AppDelegate.swift */,
				4FD7836522E5961C00AA5C69 /* ViewController.swift */,
				4FD7836722E5961C00AA5C69 /* Main.storyboard */,
				4FD7836A22E5961F00AA5C69 /* Assets.xcassets */,
				4FD7836C22E5961F00AA5C69 /* LaunchScreen.storyboard */,
				4FD7836F22E5961F00AA5C69 /* Info.plist */,
			);
			path = "IOS-UISwitch";
			sourceTree = "<group>";
		};
		4FD7837722E5961F00AA5C69 /* IOS-UISwitchTests */ = {
			isa = PBXGroup;
			children = (
				4FD7837822E5961F00AA5C69 /* IOS_UISwitchTests.swift */,
				4FD7837A22E5961F00AA5C69 /* Info.plist */,
			);
			path = "IOS-UISwitchTests";
			sourceTree = "<group>";
		};
		4FD7838222E5961F00AA5C69 /* IOS-UISwitchUITests */ = {
			isa = PBXGroup;
			children = (
				4FD7838322E5961F00AA5C69 /* IOS_UISwitchUITests.swift */,
				4FD7838522E5961F00AA5C69 /* Info.plist */,
			);
			path = "IOS-UISwitchUITests";
			sourceTree = "<group>";
		};
/* End PBXGroup section */

/* Begin PBXNativeTarget section */
		4FD7835F22E5961C00AA5C69 /* IOS-UISwitch */ = {
			isa = PBXNativeTarget;
			buildConfigurationList = 4FD7838822E5961F00AA5C69 /* Build configuration list for PBXNativeTarget "IOS-UISwitch" */;
			buildPhases = (
				4FD7835C22E5961C00AA5C69 /* Sources */,
				4FD7835D22E5961C00AA5C69 /* Frameworks */,
				4FD7835E22E5961C00AA5C69 /* Resources */,
			);
			buildRules = (
			);
			dependencies = (
			);
			name = "IOS-UISwitch";
			productName = "IOS-UISwitch";
			productReference = 4FD7836022E5961C00AA5C69 /* IOS-UISwitch.app */;
			productType = "com.apple.product-type.application";
		};
		4FD7837322E5961F00AA5C69 /* IOS-UISwitchTests */ = {
			isa = PBXNativeTarget;
			buildConfigurationList = 4FD7838B22E5961F00AA5C69 /* Build configuration list for PBXNativeTarget "IOS-UISwitchTests" */;
			buildPhases = (
				4FD7837022E5961F00AA5C69 /* Sources */,
				4FD7837122E5961F00AA5C69 /* Frameworks */,
				4FD7837222E5961F00AA5C69 /* Resources */,
			);
			buildRules = (
			);
			dependencies = (
				4FD7837622E5961F00AA5C69 /* PBXTargetDependency */,
			);
			name = "IOS-UISwitchTests";
			productName = "IOS-UISwitchTests";
			productReference = 4FD7837422E5961F00AA5C69 /* IOS-UISwitchTests.xctest */;
			productType = "com.apple.product-type.bundle.unit-test";
		};
		4FD7837E22E5961F00AA5C69 /* IOS-UISwitchUITests */ = {
			isa = PBXNativeTarget;
			buildConfigurationList = 4FD7838E22E5961F00AA5C69 /* Build configuration list for PBXNativeTarget "IOS-UISwitchUITests" */;
			buildPhases = (
				4FD7837B22E5961F00AA5C69 /* Sources */,
				4FD7837C22E5961F00AA5C69 /* Frameworks */,
				4FD7837D22E5961F00AA5C69 /* Resources */,
			);
			buildRules = (
			);
			dependencies = (
				4FD7838122E5961F00AA5C69 /* PBXTargetDependency */,
			);
			name = "IOS-UISwitchUITests";
			productName = "IOS-UISwitchUITests";
			productReference = 4FD7837F22E5961F00AA5C69 /* IOS-UISwitchUITests.xctest */;
			productType = "com.apple.product-type.bundle.ui-testing";
		};
/* End PBXNativeTarget section */

/* Begin PBXProject section */
		4FD7835822E5961C00AA5C69 /* Project object */ = {
			isa = PBXProject;
			attributes = {
				LastSwiftUpdateCheck = 1010;
				LastUpgradeCheck = 1010;
				ORGANIZATIONNAME = GIS;
				TargetAttributes = {
					4FD7835F22E5961C00AA5C69 = {
						CreatedOnToolsVersion = 10.1;
					};
					4FD7837322E5961F00AA5C69 = {
						CreatedOnToolsVersion = 10.1;
						TestTargetID = 4FD7835F22E5961C00AA5C69;
					};
					4FD7837E22E5961F00AA5C69 = {
						CreatedOnToolsVersion = 10.1;
						TestTargetID = 4FD7835F22E5961C00AA5C69;
					};
				};
			};
			buildConfigurationList = 4FD7835B22E5961C00AA5C69 /* Build configuration list for PBXProject "IOS-UISwitch" */;
			compatibilityVersion = "Xcode 9.3";
			developmentRegion = en;
			hasScannedForEncodings = 0;
			knownRegions = (
				en,
				Base,
			);
			mainGroup = 4FD7835722E5961C00AA5C69;
			productRefGroup = 4FD7836122E5961C00AA5C69 /* Products */;
			projectDirPath = "";
			projectRoot = "";
			targets = (
				4FD7835F22E5961C00AA5C69 /* IOS-UISwitch */,
				4FD7837322E5961F00AA5C69 /* IOS-UISwitchTests */,
				4FD7837E22E5961F00AA5C69 /* IOS-UISwitchUITests */,
			);
		};
/* End PBXProject section */

/* Begin PBXResourcesBuildPhase section */
		4FD7835E22E5961C00AA5C69 /* Resources */ = {
			isa = PBXResourcesBuildPhase;
			buildActionMask = 2147483647;
			files = (
				4FD7836E22E5961F00AA5C69 /* LaunchScreen.storyboard in Resources */,
				4FD7836B22E5961F00AA5C69 /* Assets.xcassets in Resources */,
				4FD7836922E5961C00AA5C69 /* Main.storyboard in Resources */,
			);
			runOnlyForDeploymentPostprocessing = 0;
		};
		4FD7837222E5961F00AA5C69 /* Resources */ = {
			isa = PBXResourcesBuildPhase;
			buildActionMask = 2147483647;
			files = (
			);
			runOnlyForDeploymentPostprocessing = 0;
		};
		4FD7837D22E5961F00AA5C69 /* Resources */ = {
			isa = PBXResourcesBuildPhase;
			buildActionMask = 2147483647;
			files = (
			);
			runOnlyForDeploymentPostprocessing = 0;
		};
/* End PBXResourcesBuildPhase section */

/* Begin PBXSourcesBuildPhase section */
		4FD7835C22E5961C00AA5C69 /* Sources */ = {
			isa = PBXSourcesBuildPhase;
			buildActionMask = 2147483647;
			files = (
				4FD7836622E5961C00AA5C69 /* ViewController.swift in Sources */,
				4FD7836422E5961C00AA5C69 /* AppDelegate.swift in Sources */,
			);
			runOnlyForDeploymentPostprocessing = 0;
		};
		4FD7837022E5961F00AA5C69 /* Sources */ = {
			isa = PBXSourcesBuildPhase;
			buildActionMask = 2147483647;
			files = (
				4FD7837922E5961F00AA5C69 /* IOS_UISwitchTests.swift in Sources */,
			);
			runOnlyForDeploymentPostprocessing = 0;
		};
		4FD7837B22E5961F00AA5C69 /* Sources */ = {
			isa = PBXSourcesBuildPhase;
			buildActionMask = 2147483647;
			files = (
				4FD7838422E5961F00AA5C69 /* IOS_UISwitchUITests.swift in Sources */,
			);
			runOnlyForDeploymentPostprocessing = 0;
		};
/* End PBXSourcesBuildPhase section */

/* Begin PBXTargetDependency section */
		4FD7837622E5961F00AA5C69 /* PBXTargetDependency */ = {
			isa = PBXTargetDependency;
			target = 4FD7835F22E5961C00AA5C69 /* IOS-UISwitch */;
			targetProxy = 4FD7837522E5961F00AA5C69 /* PBXContainerItemProxy */;
		};
		4FD7838122E5961F00AA5C69 /* PBXTargetDependency */ = {
			isa = PBXTargetDependency;
			target = 4FD7835F22E5961C00AA5C69 /* IOS-UISwitch */;
			targetProxy = 4FD7838022E5961F00AA5C69 /* PBXContainerItemProxy */;
		};
/* End PBXTargetDependency section */

/* Begin PBXVariantGroup section */
		4FD7836722E5961C00AA5C69 /* Main.storyboard */ = {
			isa = PBXVariantGroup;
			children = (
				4FD7836822E5961C00AA5C69 /* Base */,
			);
			name = Main.storyboard;
			sourceTree = "<group>";
		};
		4FD7836C22E5961F00AA5C69 /* LaunchScreen.storyboard */ = {
			isa = PBXVariantGroup;
			children = (
				4FD7836D22E5961F00AA5C69 /* Base */,
			);
			name = LaunchScreen.storyboard;
			sourceTree = "<group>";
		};
/* End PBXVariantGroup section */

/* Begin XCBuildConfiguration section */
		4FD7838622E5961F00AA5C69 /* Debug */ = {
			isa = XCBuildConfiguration;
			buildSettings = {
				ALWAYS_SEARCH_USER_PATHS = NO;
				CLANG_ANALYZER_NONNULL = YES;
				CLANG_ANALYZER_NUMBER_OBJECT_CONVERSION = YES_AGGRESSIVE;
				CLANG_CXX_LANGUAGE_STANDARD = "gnu++14";
				CLANG_CXX_LIBRARY = "libc++";
				CLANG_ENABLE_MODULES = YES;
				CLANG_ENABLE_OBJC_ARC = YES;
				CLANG_ENABLE_OBJC_WEAK = YES;
				CLANG_WARN_BLOCK_CAPTURE_AUTORELEASING = YES;
				CLANG_WARN_BOOL_CONVERSION = YES;
				CLANG_WARN_COMMA = YES;
				CLANG_WARN_CONSTANT_CONVERSION = YES;
				CLANG_WARN_DEPRECATED_OBJC_IMPLEMENTATIONS = YES;
				CLANG_WARN_DIRECT_OBJC_ISA_USAGE = YES_ERROR;
				CLANG_WARN_DOCUMENTATION_COMMENTS = YES;
				CLANG_WARN_EMPTY_BODY = YES;
				CLANG_WARN_ENUM_CONVERSION = YES;
				CLANG_WARN_INFINITE_RECURSION = YES;
				CLANG_WARN_INT_CONVERSION = YES;
				CLANG_WARN_NON_LITERAL_NULL_CONVERSION = YES;
				CLANG_WARN_OBJC_IMPLICIT_RETAIN_SELF = YES;
				CLANG_WARN_OBJC_LITERAL_CONVERSION = YES;
				CLANG_WARN_OBJC_ROOT_CLASS = YES_ERROR;
				CLANG_WARN_RANGE_LOOP_ANALYSIS = YES;
				CLANG_WARN_STRICT_PROTOTYPES = YES;
				CLANG_WARN_SUSPICIOUS_MOVE = YES;
				CLANG_WARN_UNGUARDED_AVAILABILITY = YES_AGGRESSIVE;
				CLANG_WARN_UNREACHABLE_CODE = YES;
				CLANG_WARN__DUPLICATE_METHOD_MATCH = YES;
				CODE_SIGN_IDENTITY = "iPhone Developer";
				COPY_PHASE_STRIP = NO;
				DEBUG_INFORMATION_FORMAT = dwarf;
				ENABLE_STRICT_OBJC_MSGSEND = YES;
				ENABLE_TESTABILITY = YES;
				GCC_C_LANGUAGE_STANDARD = gnu11;
				GCC_DYNAMIC_NO_PIC = NO;
				GCC_NO_COMMON_BLOCKS = YES;
				GCC_OPTIMIZATION_LEVEL = 0;
				GCC_PREPROCESSOR_DEFINITIONS = (
					"DEBUG=1",
					"$(inherited)",
				);
				GCC_WARN_64_TO_32_BIT_CONVERSION = YES;
				GCC_WARN_ABOUT_RETURN_TYPE = YES_ERROR;
				GCC_WARN_UNDECLARED_SELECTOR = YES;
				GCC_WARN_UNINITIALIZED_AUTOS = YES_AGGRESSIVE;
				GCC_WARN_UNUSED_FUNCTION = YES;
				GCC_WARN_UNUSED_VARIABLE = YES;
				IPHONEOS_DEPLOYMENT_TARGET = 12.1;
				MTL_ENABLE_DEBUG_INFO = INCLUDE_SOURCE;
				MTL_FAST_MATH = YES;
				ONLY_ACTIVE_ARCH = YES;
				SDKROOT = iphoneos;
				SWIFT_ACTIVE_COMPILATION_CONDITIONS = DEBUG;
				SWIFT_OPTIMIZATION_LEVEL = "-Onone";
			};
			name = Debug;
		};
		4FD7838722E5961F00AA5C69 /* Release */ = {
			isa = XCBuildConfiguration;
			buildSettings = {
				ALWAYS_SEARCH_USER_PATHS = NO;
				CLANG_ANALYZER_NONNULL = YES;
				CLANG_ANALYZER_NUMBER_OBJECT_CONVERSION = YES_AGGRESSIVE;
				CLANG_CXX_LANGUAGE_STANDARD = "gnu++14";
				CLANG_CXX_LIBRARY = "libc++";
				CLANG_ENABLE_MODULES = YES;
				CLANG_ENABLE_OBJC_ARC = YES;
				CLANG_ENABLE_OBJC_WEAK = YES;
				CLANG_WARN_BLOCK_CAPTURE_AUTORELEASING = YES;
				CLANG_WARN_BOOL_CONVERSION = YES;
				CLANG_WARN_COMMA = YES;
				CLANG_WARN_CONSTANT_CONVERSION = YES;
				CLANG_WARN_DEPRECATED_OBJC_IMPLEMENTATIONS = YES;
				CLANG_WARN_DIRECT_OBJC_ISA_USAGE = YES_ERROR;
				CLANG_WARN_DOCUMENTATION_COMMENTS = YES;
				CLANG_WARN_EMPTY_BODY = YES;
				CLANG_WARN_ENUM_CONVERSION = YES;
				CLANG_WARN_INFINITE_RECURSION = YES;
				CLANG_WARN_INT_CONVERSION = YES;
				CLANG_WARN_NON_LITERAL_NULL_CONVERSION = YES;
				CLANG_WARN_OBJC_IMPLICIT_RETAIN_SELF = YES;
				CLANG_WARN_OBJC_LITERAL_CONVERSION = YES;
				CLANG_WARN_OBJC_ROOT_CLASS = YES_ERROR;
				CLANG_WARN_RANGE_LOOP_ANALYSIS = YES;
				CLANG_WARN_STRICT_PROTOTYPES = YES;
				CLANG_WARN_SUSPICIOUS_MOVE = YES;
				CLANG_WARN_UNGUARDED_AVAILABILITY = YES_AGGRESSIVE;
				CLANG_WARN_UNREACHABLE_CODE = YES;
				CLANG_WARN__DUPLICATE_METHOD_MATCH = YES;
				CODE_SIGN_IDENTITY = "iPhone Developer";
				COPY_PHASE_STRIP = NO;
				DEBUG_INFORMATION_FORMAT = "dwarf-with-dsym";
				ENABLE_NS_ASSERTIONS = NO;
				ENABLE_STRICT_OBJC_MSGSEND = YES;
				GCC_C_LANGUAGE_STANDARD = gnu11;
				GCC_NO_COMMON_BLOCKS = YES;
				GCC_WARN_64_TO_32_BIT_CONVERSION = YES;
				GCC_WARN_ABOUT_RETURN_TYPE = YES_ERROR;
				GCC_WARN_UNDECLARED_SELECTOR = YES;
				GCC_WARN_UNINITIALIZED_AUTOS = YES_AGGRESSIVE;
				GCC_WARN_UNUSED_FUNCTION = YES;
				GCC_WARN_UNUSED_VARIABLE = YES;
				IPHONEOS_DEPLOYMENT_TARGET = 12.1;
				MTL_ENABLE_DEBUG_INFO = NO;
				MTL_FAST_MATH = YES;
				SDKROOT = iphoneos;
				SWIFT_COMPILATION_MODE = wholemodule;
				SWIFT_OPTIMIZATION_LEVEL = "-O";
				VALIDATE_PRODUCT = YES;
			};
			name = Release;
		};
		4FD7838922E5961F00AA5C69 /* Debug */ = {
			isa = XCBuildConfiguration;
			buildSettings = {
				ASSETCATALOG_COMPILER_APPICON_NAME = AppIcon;
				CODE_SIGN_STYLE = Automatic;
				INFOPLIST_FILE = "IOS-UISwitch/Info.plist";
				LD_RUNPATH_SEARCH_PATHS = (
					"$(inherited)",
					"@executable_path/Frameworks",
				);
				PRODUCT_BUNDLE_IDENTIFIER = "com.gis.IOS-UISwitch";
				PRODUCT_NAME = "$(TARGET_NAME)";
				SWIFT_VERSION = 4.2;
				TARGETED_DEVICE_FAMILY = "1,2";
			};
			name = Debug;
		};
		4FD7838A22E5961F00AA5C69 /* Release */ = {
			isa = XCBuildConfiguration;
			buildSettings = {
				ASSETCATALOG_COMPILER_APPICON_NAME = AppIcon;
				CODE_SIGN_STYLE = Automatic;
				INFOPLIST_FILE = "IOS-UISwitch/Info.plist";
				LD_RUNPATH_SEARCH_PATHS = (
					"$(inherited)",
					"@executable_path/Frameworks",
				);
				PRODUCT_BUNDLE_IDENTIFIER = "com.gis.IOS-UISwitch";
				PRODUCT_NAME = "$(TARGET_NAME)";
				SWIFT_VERSION = 4.2;
				TARGETED_DEVICE_FAMILY = "1,2";
			};
			name = Release;
		};
		4FD7838C22E5961F00AA5C69 /* Debug */ = {
			isa = XCBuildConfiguration;
			buildSettings = {
				ALWAYS_EMBED_SWIFT_STANDARD_LIBRARIES = YES;
				BUNDLE_LOADER = "$(TEST_HOST)";
				CODE_SIGN_STYLE = Automatic;
				INFOPLIST_FILE = "IOS-UISwitchTests/Info.plist";
				LD_RUNPATH_SEARCH_PATHS = (
					"$(inherited)",
					"@executable_path/Frameworks",
					"@loader_path/Frameworks",
				);
				PRODUCT_BUNDLE_IDENTIFIER = "com.gis.IOS-UISwitchTests";
				PRODUCT_NAME = "$(TARGET_NAME)";
				SWIFT_VERSION = 4.2;
				TARGETED_DEVICE_FAMILY = "1,2";
				TEST_HOST = "$(BUILT_PRODUCTS_DIR)/IOS-UISwitch.app/IOS-UISwitch";
			};
			name = Debug;
		};
		4FD7838D22E5961F00AA5C69 /* Release */ = {
			isa = XCBuildConfiguration;
			buildSettings = {
				ALWAYS_EMBED_SWIFT_STANDARD_LIBRARIES = YES;
				BUNDLE_LOADER = "$(TEST_HOST)";
				CODE_SIGN_STYLE = Automatic;
				INFOPLIST_FILE = "IOS-UISwitchTests/Info.plist";
				LD_RUNPATH_SEARCH_PATHS = (
					"$(inherited)",
					"@executable_path/Frameworks",
					"@loader_path/Frameworks",
				);
				PRODUCT_BUNDLE_IDENTIFIER = "com.gis.IOS-UISwitchTests";
				PRODUCT_NAME = "$(TARGET_NAME)";
				SWIFT_VERSION = 4.2;
				TARGETED_DEVICE_FAMILY = "1,2";
				TEST_HOST = "$(BUILT_PRODUCTS_DIR)/IOS-UISwitch.app/IOS-UISwitch";
			};
			name = Release;
		};
		4FD7838F22E5961F00AA5C69 /* Debug */ = {
			isa = XCBuildConfiguration;
			buildSettings = {
				ALWAYS_EMBED_SWIFT_STANDARD_LIBRARIES = YES;
				CODE_SIGN_STYLE = Automatic;
				INFOPLIST_FILE = "IOS-UISwitchUITests/Info.plist";
				LD_RUNPATH_SEARCH_PATHS = (
					"$(inherited)",
					"@executable_path/Frameworks",
					"@loader_path/Frameworks",
				);
				PRODUCT_BUNDLE_IDENTIFIER = "com.gis.IOS-UISwitchUITests";
				PRODUCT_NAME = "$(TARGET_NAME)";
				SWIFT_VERSION = 4.2;
				TARGETED_DEVICE_FAMILY = "1,2";
				TEST_TARGET_NAME = "IOS-UISwitch";
			};
			name = Debug;
		};
		4FD7839022E5961F00AA5C69 /* Release */ = {
			isa = XCBuildConfiguration;
			buildSettings = {
				ALWAYS_EMBED_SWIFT_STANDARD_LIBRARIES = YES;
				CODE_SIGN_STYLE = Automatic;
				INFOPLIST_FILE = "IOS-UISwitchUITests/Info.plist";
				LD_RUNPATH_SEARCH_PATHS = (
					"$(inherited)",
					"@executable_path/Frameworks",
					"@loader_path/Frameworks",
				);
				PRODUCT_BUNDLE_IDENTIFIER = "com.gis.IOS-UISwitchUITests";
				PRODUCT_NAME = "$(TARGET_NAME)";
				SWIFT_VERSION = 4.2;
				TARGETED_DEVICE_FAMILY = "1,2";
				TEST_TARGET_NAME = "IOS-UISwitch";
			};
			name = Release;
		};
/* End XCBuildConfiguration section */

/* Begin XCConfigurationList section */
		4FD7835B22E5961C00AA5C69 /* Build configuration list for PBXProject "IOS-UISwitch" */ = {
			isa = XCConfigurationList;
			buildConfigurations = (
				4FD7838622E5961F00AA5C69 /* Debug */,
				4FD7838722E5961F00AA5C69 /* Release */,
			);
			defaultConfigurationIsVisible = 0;
			defaultConfigurationName = Release;
		};
		4FD7838822E5961F00AA5C69 /* Build configuration list for PBXNativeTarget "IOS-UISwitch" */ = {
			isa = XCConfigurationList;
			buildConfigurations = (
				4FD7838922E5961F00AA5C69 /* Debug */,
				4FD7838A22E5961F00AA5C69 /* Release */,
			);
			defaultConfigurationIsVisible = 0;
			defaultConfigurationName = Release;
		};
		4FD7838B22E5961F00AA5C69 /* Build configuration list for PBXNativeTarget "IOS-UISwitchTests" */ = {
			isa = XCConfigurationList;
			buildConfigurations = (
				4FD7838C22E5961F00AA5C69 /* Debug */,
				4FD7838D22E5961F00AA5C69 /* Release */,
			);
			defaultConfigurationIsVisible = 0;
			defaultConfigurationName = Release;
		};
		4FD7838E22E5961F00AA5C69 /* Build configuration list for PBXNativeTarget "IOS-UISwitchUITests" */ = {
			isa = XCConfigurationList;
			buildConfigurations = (
				4FD7838F22E5961F00AA5C69 /* Debug */,
				4FD7839022E5961F00AA5C69 /* Release */,
			);
			defaultConfigurationIsVisible = 0;
			defaultConfigurationName = Release;
		};
/* End XCConfigurationList section */
	};
	rootObject = 4FD7835822E5961C00AA5C69 /* Project object */;
}
